
Microsoft Visual Studio Solution File, Format Version 12.00
# Visual Studio Version 16
VisualStudioVersion = 16.0.29613.14
MinimumVisualStudioVersion = 10.0.40219.1
Project("{FAE04EC0-301F-11D3-BF4B-00C04F79EFBC}") = "PartialViewCRUD", "PartialViewCRUD\PartialViewCRUD.csproj", "{08492AFD-DC39-4236-AAD6-DE5C4DBFBDC4}"
EndProject
Global
	GlobalSection(SolutionConfigurationPlatforms) = preSolution
		Debug|Any CPU = Debug|Any CPU
		Release|Any CPU = Release|Any CPU
	EndGlobalSection
	GlobalSection(ProjectConfigurationPlatforms) = postSolution
		{08492AFD-DC39-4236-AAD6-DE5C4DBFBDC4}.Debug|Any CPU.ActiveCfg = Debug|Any CPU
		{08492AFD-DC39-4236-AAD6-DE5C4DBFBDC4}.Debug|Any CPU.Build.0 = Debug|Any CPU
		{08492AFD-DC39-4236-AAD6-DE5C4DBFBDC4}.Release|Any CPU.ActiveCfg = Release|Any CPU
		{08492AFD-DC39-4236-AAD6-DE5C4DBFBDC4}.Release|Any CPU.Build.0 = Release|Any CPU
	EndGlobalSection
	GlobalSection(SolutionProperties) = preSolution
		HideSolutionNode = FALSE
	EndGlobalSection
	GlobalSection(ExtensibilityGlobals) = postSolution
		SolutionGuid = {EFCFB077-9ECC-4761-BD4C-ACBE060EA9DD}
	EndGlobalSection
EndGlobal
